{
    "version": 3,
    "terraform_version": "0.11.7",
    "serial": 2,
    "lineage": "6e9dfcc8-3065-5827-83a6-c22ee2e42ec3",
    "modules": [
        {
            "path": [
                "root"
            ],
            "outputs": {},
            "resources": {
                "aws_vpc.main": {
                    "type": "aws_vpc",
                    "depends_on": [],
                    "primary": {
                        "id": "vpc-039f293c536ebc409",
                        "attributes": {
                            "assign_generated_ipv6_cidr_block": "false",
                            "cidr_block": "10.0.0.0/19",
                            "default_network_acl_id": "acl-01ccfd986c8e3841b",
                            "default_route_table_id": "rtb-0a24cdcd0e3270427",
                            "default_security_group_id": "sg-04e17aaab52df152e",
                            "dhcp_options_id": "dopt-d5936aae",
                            "enable_classiclink": "false",
                            "enable_classiclink_dns_support": "false",
                            "enable_dns_hostnames": "false",
                            "enable_dns_support": "true",
                            "id": "vpc-039f293c536ebc409",
                            "instance_tenancy": "default",
                            "main_route_table_id": "rtb-0a24cdcd0e3270427",
                            "tags.%": "0"
                        },
                        "meta": {
                            "schema_version": "1"
                        },
                        "tainted": false
                    },
                    "deposed": [],
                    "provider": "provider.aws"
                }
            },
            "depends_on": []
        }
    ]
}
