{
    "version": 3,
    "terraform_version": "0.11.7",
    "serial": 90,
    "lineage": "0a36ab16-bb2e-35ca-6a98-9dce7e3a1079",
    "modules": [
        {
            "path": [
                "root"
            ],
            "outputs": {},
            "resources": {},
            "depends_on": []
        },
        {
            "path": [
                "root",
                "infra"
            ],
            "outputs": {},
            "resources": {
                "aws_elb.elb": {
                    "type": "aws_elb",
                    "depends_on": [
                        "aws_instance.web1"
                    ],
                    "primary": {
                        "id": "student-terraform-elb",
                        "attributes": {
                            "access_logs.#": "0",
                            "arn": "arn:aws:elasticloadbalancing:us-east-1:196043292700:loadbalancer/student-terraform-elb",
                            "availability_zones.#": "2",
                            "availability_zones.1305112097": "us-east-1b",
                            "availability_zones.3569565595": "us-east-1a",
                            "connection_draining": "true",
                            "connection_draining_timeout": "400",
                            "cross_zone_load_balancing": "true",
                            "dns_name": "student-terraform-elb-645806217.us-east-1.elb.amazonaws.com",
                            "health_check.#": "1",
                            "health_check.0.healthy_threshold": "2",
                            "health_check.0.interval": "30",
                            "health_check.0.target": "HTTP:8000/",
                            "health_check.0.timeout": "3",
                            "health_check.0.unhealthy_threshold": "2",
                            "id": "student-terraform-elb",
                            "idle_timeout": "400",
                            "instances.#": "1",
                            "instances.4095305916": "i-03c41545487a73eae",
                            "internal": "false",
                            "listener.#": "1",
                            "listener.3057123346.instance_port": "80",
                            "listener.3057123346.instance_protocol": "http",
                            "listener.3057123346.lb_port": "80",
                            "listener.3057123346.lb_protocol": "http",
                            "listener.3057123346.ssl_certificate_id": "",
                            "name": "student-terraform-elb",
                            "security_groups.#": "1",
                            "security_groups.3025333188": "sg-0f983a1858aea6a96",
                            "source_security_group": "196043292700/Allow Web",
                            "source_security_group_id": "sg-0f983a1858aea6a96",
                            "subnets.#": "2",
                            "subnets.2996492808": "subnet-0a9f6fc26dcdd3cdc",
                            "subnets.3371410946": "subnet-07b15b8529b81676d",
                            "tags.%": "1",
                            "tags.Name": "student-lb",
                            "zone_id": "Z35SXDOTRQ7X7K"
                        },
                        "meta": {},
                        "tainted": false
                    },
                    "deposed": [],
                    "provider": "provider.aws"
                },
                "aws_instance.web1": {
                    "type": "aws_instance",
                    "depends_on": [],
                    "primary": {
                        "id": "i-03c41545487a73eae",
                        "attributes": {
                            "ami": "ami-b70554c8",
                            "associate_public_ip_address": "true",
                            "availability_zone": "us-east-1a",
                            "cpu_core_count": "1",
                            "cpu_threads_per_core": "1",
                            "credit_specification.#": "1",
                            "credit_specification.0.cpu_credits": "standard",
                            "disable_api_termination": "false",
                            "ebs_block_device.#": "0",
                            "ebs_optimized": "false",
                            "ephemeral_block_device.#": "0",
                            "get_password_data": "false",
                            "iam_instance_profile": "",
                            "id": "i-03c41545487a73eae",
                            "instance_state": "running",
                            "instance_type": "t2.micro",
                            "ipv6_addresses.#": "0",
                            "key_name": "devops",
                            "monitoring": "false",
                            "network_interface.#": "0",
                            "network_interface_id": "eni-0890132b38a302be0",
                            "password_data": "",
                            "placement_group": "",
                            "primary_network_interface_id": "eni-0890132b38a302be0",
                            "private_dns": "ip-10-0-1-110.ec2.internal",
                            "private_ip": "10.0.1.110",
                            "public_dns": "",
                            "public_ip": "18.207.162.57",
                            "root_block_device.#": "1",
                            "root_block_device.0.delete_on_termination": "true",
                            "root_block_device.0.iops": "100",
                            "root_block_device.0.volume_id": "vol-02e2a0d3152497316",
                            "root_block_device.0.volume_size": "8",
                            "root_block_device.0.volume_type": "gp2",
                            "security_groups.#": "0",
                            "source_dest_check": "true",
                            "subnet_id": "subnet-0a9f6fc26dcdd3cdc",
                            "tags.%": "1",
                            "tags.Name": "student-ec2-1",
                            "tenancy": "default",
                            "volume_tags.%": "0",
                            "vpc_security_group_ids.#": "2",
                            "vpc_security_group_ids.1398574951": "sg-07e5da7097e8a3cf6",
                            "vpc_security_group_ids.3025333188": "sg-0f983a1858aea6a96"
                        },
                        "meta": {
                            "e2bfb730-ecaa-11e6-8f88-34363bc7c4c0": {
                                "create": 600000000000,
                                "delete": 1200000000000,
                                "update": 600000000000
                            },
                            "schema_version": "1"
                        },
                        "tainted": false
                    },
                    "deposed": [],
                    "provider": "provider.aws"
                },
                "aws_instance.web2": {
                    "type": "aws_instance",
                    "depends_on": [],
                    "primary": {
                        "id": "i-02691a7e6baa5d405",
                        "attributes": {
                            "ami": "ami-b70554c8",
                            "associate_public_ip_address": "false",
                            "availability_zone": "us-east-1b",
                            "cpu_core_count": "1",
                            "cpu_threads_per_core": "1",
                            "credit_specification.#": "1",
                            "credit_specification.0.cpu_credits": "standard",
                            "disable_api_termination": "false",
                            "ebs_block_device.#": "0",
                            "ebs_optimized": "false",
                            "ephemeral_block_device.#": "0",
                            "get_password_data": "false",
                            "iam_instance_profile": "",
                            "id": "i-02691a7e6baa5d405",
                            "instance_state": "running",
                            "instance_type": "t2.micro",
                            "ipv6_addresses.#": "0",
                            "key_name": "devops",
                            "monitoring": "false",
                            "network_interface.#": "0",
                            "network_interface_id": "eni-05ac1993ebef5f1d5",
                            "password_data": "",
                            "placement_group": "",
                            "primary_network_interface_id": "eni-05ac1993ebef5f1d5",
                            "private_dns": "ip-10-0-2-219.ec2.internal",
                            "private_ip": "10.0.2.219",
                            "public_dns": "",
                            "public_ip": "",
                            "root_block_device.#": "1",
                            "root_block_device.0.delete_on_termination": "true",
                            "root_block_device.0.iops": "100",
                            "root_block_device.0.volume_id": "vol-04547033e04232b1b",
                            "root_block_device.0.volume_size": "8",
                            "root_block_device.0.volume_type": "gp2",
                            "security_groups.#": "0",
                            "source_dest_check": "true",
                            "subnet_id": "subnet-07b15b8529b81676d",
                            "tags.%": "1",
                            "tags.Name": "student-ec2-2",
                            "tenancy": "default",
                            "volume_tags.%": "0",
                            "vpc_security_group_ids.#": "2",
                            "vpc_security_group_ids.1398574951": "sg-07e5da7097e8a3cf6",
                            "vpc_security_group_ids.3025333188": "sg-0f983a1858aea6a96"
                        },
                        "meta": {
                            "e2bfb730-ecaa-11e6-8f88-34363bc7c4c0": {
                                "create": 600000000000,
                                "delete": 1200000000000,
                                "update": 600000000000
                            },
                            "schema_version": "1"
                        },
                        "tainted": false
                    },
                    "deposed": [],
                    "provider": "provider.aws"
                }
            },
            "depends_on": []
        },
        {
            "path": [
                "root",
                "network"
            ],
            "outputs": {
                "security_group1": {
                    "sensitive": false,
                    "type": "string",
                    "value": "sg-07e5da7097e8a3cf6"
                },
                "security_group2": {
                    "sensitive": false,
                    "type": "string",
                    "value": "sg-0f983a1858aea6a96"
                },
                "subnet1_id": {
                    "sensitive": false,
                    "type": "string",
                    "value": "subnet-0a9f6fc26dcdd3cdc"
                },
                "subnet2_id": {
                    "sensitive": false,
                    "type": "string",
                    "value": "subnet-07b15b8529b81676d"
                }
            },
            "resources": {
                "aws_internet_gateway.gw": {
                    "type": "aws_internet_gateway",
                    "depends_on": [
                        "aws_vpc.main"
                    ],
                    "primary": {
                        "id": "igw-0039fc54635793c87",
                        "attributes": {
                            "id": "igw-0039fc54635793c87",
                            "tags.%": "1",
                            "tags.Name": "student-igw",
                            "vpc_id": "vpc-023e16d8f4a4ec146"
                        },
                        "meta": {},
                        "tainted": false
                    },
                    "deposed": [],
                    "provider": "provider.aws"
                },
                "aws_route_table.main": {
                    "type": "aws_route_table",
                    "depends_on": [
                        "aws_internet_gateway.gw",
                        "aws_vpc.main"
                    ],
                    "primary": {
                        "id": "rtb-014a2354e5e0c8edd",
                        "attributes": {
                            "id": "rtb-014a2354e5e0c8edd",
                            "propagating_vgws.#": "0",
                            "route.#": "1",
                            "route.2620291365.cidr_block": "0.0.0.0/0",
                            "route.2620291365.egress_only_gateway_id": "",
                            "route.2620291365.gateway_id": "igw-0039fc54635793c87",
                            "route.2620291365.instance_id": "",
                            "route.2620291365.ipv6_cidr_block": "",
                            "route.2620291365.nat_gateway_id": "",
                            "route.2620291365.network_interface_id": "",
                            "route.2620291365.vpc_peering_connection_id": "",
                            "tags.%": "1",
                            "tags.Name": "studentapp",
                            "vpc_id": "vpc-023e16d8f4a4ec146"
                        },
                        "meta": {},
                        "tainted": false
                    },
                    "deposed": [],
                    "provider": "provider.aws"
                },
                "aws_route_table_association.a": {
                    "type": "aws_route_table_association",
                    "depends_on": [
                        "aws_route_table.main",
                        "aws_subnet.subnet1"
                    ],
                    "primary": {
                        "id": "rtbassoc-008c6bff6d70931da",
                        "attributes": {
                            "id": "rtbassoc-008c6bff6d70931da",
                            "route_table_id": "rtb-014a2354e5e0c8edd",
                            "subnet_id": "subnet-0a9f6fc26dcdd3cdc"
                        },
                        "meta": {},
                        "tainted": false
                    },
                    "deposed": [],
                    "provider": "provider.aws"
                },
                "aws_route_table_association.b": {
                    "type": "aws_route_table_association",
                    "depends_on": [
                        "aws_route_table.main",
                        "aws_subnet.subnet2"
                    ],
                    "primary": {
                        "id": "rtbassoc-09b16d9dedf70efcb",
                        "attributes": {
                            "id": "rtbassoc-09b16d9dedf70efcb",
                            "route_table_id": "rtb-014a2354e5e0c8edd",
                            "subnet_id": "subnet-07b15b8529b81676d"
                        },
                        "meta": {},
                        "tainted": false
                    },
                    "deposed": [],
                    "provider": "provider.aws"
                },
                "aws_security_group.allow_ssh": {
                    "type": "aws_security_group",
                    "depends_on": [
                        "aws_vpc.main"
                    ],
                    "primary": {
                        "id": "sg-07e5da7097e8a3cf6",
                        "attributes": {
                            "arn": "arn:aws:ec2:us-east-1:196043292700:security-group/sg-07e5da7097e8a3cf6",
                            "description": "Allow all inbound traffic",
                            "egress.#": "1",
                            "egress.482069346.cidr_blocks.#": "1",
                            "egress.482069346.cidr_blocks.0": "0.0.0.0/0",
                            "egress.482069346.description": "",
                            "egress.482069346.from_port": "0",
                            "egress.482069346.ipv6_cidr_blocks.#": "0",
                            "egress.482069346.prefix_list_ids.#": "0",
                            "egress.482069346.protocol": "-1",
                            "egress.482069346.security_groups.#": "0",
                            "egress.482069346.self": "false",
                            "egress.482069346.to_port": "0",
                            "id": "sg-07e5da7097e8a3cf6",
                            "ingress.#": "1",
                            "ingress.2541437006.cidr_blocks.#": "1",
                            "ingress.2541437006.cidr_blocks.0": "0.0.0.0/0",
                            "ingress.2541437006.description": "",
                            "ingress.2541437006.from_port": "22",
                            "ingress.2541437006.ipv6_cidr_blocks.#": "0",
                            "ingress.2541437006.protocol": "tcp",
                            "ingress.2541437006.security_groups.#": "0",
                            "ingress.2541437006.self": "false",
                            "ingress.2541437006.to_port": "22",
                            "name": "Allow SSH",
                            "owner_id": "196043292700",
                            "revoke_rules_on_delete": "false",
                            "tags.%": "1",
                            "tags.Name": "student_app",
                            "vpc_id": "vpc-023e16d8f4a4ec146"
                        },
                        "meta": {
                            "e2bfb730-ecaa-11e6-8f88-34363bc7c4c0": {
                                "create": 600000000000,
                                "delete": 600000000000
                            },
                            "schema_version": "1"
                        },
                        "tainted": false
                    },
                    "deposed": [],
                    "provider": "provider.aws"
                },
                "aws_security_group.allow_web": {
                    "type": "aws_security_group",
                    "depends_on": [
                        "aws_vpc.main"
                    ],
                    "primary": {
                        "id": "sg-0f983a1858aea6a96",
                        "attributes": {
                            "arn": "arn:aws:ec2:us-east-1:196043292700:security-group/sg-0f983a1858aea6a96",
                            "description": "Allow HTTP inbound traffic",
                            "egress.#": "1",
                            "egress.482069346.cidr_blocks.#": "1",
                            "egress.482069346.cidr_blocks.0": "0.0.0.0/0",
                            "egress.482069346.description": "",
                            "egress.482069346.from_port": "0",
                            "egress.482069346.ipv6_cidr_blocks.#": "0",
                            "egress.482069346.prefix_list_ids.#": "0",
                            "egress.482069346.protocol": "-1",
                            "egress.482069346.security_groups.#": "0",
                            "egress.482069346.self": "false",
                            "egress.482069346.to_port": "0",
                            "id": "sg-0f983a1858aea6a96",
                            "ingress.#": "1",
                            "ingress.2214680975.cidr_blocks.#": "1",
                            "ingress.2214680975.cidr_blocks.0": "0.0.0.0/0",
                            "ingress.2214680975.description": "",
                            "ingress.2214680975.from_port": "80",
                            "ingress.2214680975.ipv6_cidr_blocks.#": "0",
                            "ingress.2214680975.protocol": "tcp",
                            "ingress.2214680975.security_groups.#": "0",
                            "ingress.2214680975.self": "false",
                            "ingress.2214680975.to_port": "80",
                            "name": "Allow Web",
                            "owner_id": "196043292700",
                            "revoke_rules_on_delete": "false",
                            "tags.%": "0",
                            "vpc_id": "vpc-023e16d8f4a4ec146"
                        },
                        "meta": {
                            "e2bfb730-ecaa-11e6-8f88-34363bc7c4c0": {
                                "create": 600000000000,
                                "delete": 600000000000
                            },
                            "schema_version": "1"
                        },
                        "tainted": false
                    },
                    "deposed": [],
                    "provider": "provider.aws"
                },
                "aws_subnet.subnet1": {
                    "type": "aws_subnet",
                    "depends_on": [
                        "aws_vpc.main"
                    ],
                    "primary": {
                        "id": "subnet-0a9f6fc26dcdd3cdc",
                        "attributes": {
                            "assign_ipv6_address_on_creation": "false",
                            "availability_zone": "us-east-1a",
                            "cidr_block": "10.0.1.0/24",
                            "id": "subnet-0a9f6fc26dcdd3cdc",
                            "map_public_ip_on_launch": "true",
                            "tags.%": "1",
                            "tags.Name": "student-subnet1",
                            "vpc_id": "vpc-023e16d8f4a4ec146"
                        },
                        "meta": {
                            "schema_version": "1"
                        },
                        "tainted": false
                    },
                    "deposed": [],
                    "provider": "provider.aws"
                },
                "aws_subnet.subnet2": {
                    "type": "aws_subnet",
                    "depends_on": [
                        "aws_vpc.main"
                    ],
                    "primary": {
                        "id": "subnet-07b15b8529b81676d",
                        "attributes": {
                            "assign_ipv6_address_on_creation": "false",
                            "availability_zone": "us-east-1b",
                            "cidr_block": "10.0.2.0/24",
                            "id": "subnet-07b15b8529b81676d",
                            "map_public_ip_on_launch": "false",
                            "tags.%": "1",
                            "tags.Name": "student-subnet2",
                            "vpc_id": "vpc-023e16d8f4a4ec146"
                        },
                        "meta": {
                            "schema_version": "1"
                        },
                        "tainted": false
                    },
                    "deposed": [],
                    "provider": "provider.aws"
                },
                "aws_vpc.main": {
                    "type": "aws_vpc",
                    "depends_on": [],
                    "primary": {
                        "id": "vpc-023e16d8f4a4ec146",
                        "attributes": {
                            "arn": "arn:aws:ec2:us-east-1:196043292700:vpc/vpc-023e16d8f4a4ec146",
                            "assign_generated_ipv6_cidr_block": "false",
                            "cidr_block": "10.0.0.0/16",
                            "default_network_acl_id": "acl-089dd6fb716cc90c8",
                            "default_route_table_id": "rtb-03927c4adb007ae33",
                            "default_security_group_id": "sg-0941d5465d8b86a85",
                            "dhcp_options_id": "dopt-d5936aae",
                            "enable_classiclink": "false",
                            "enable_classiclink_dns_support": "false",
                            "enable_dns_hostnames": "false",
                            "enable_dns_support": "true",
                            "id": "vpc-023e16d8f4a4ec146",
                            "instance_tenancy": "default",
                            "main_route_table_id": "rtb-03927c4adb007ae33",
                            "tags.%": "1",
                            "tags.Name": "student-vpc"
                        },
                        "meta": {
                            "schema_version": "1"
                        },
                        "tainted": false
                    },
                    "deposed": [],
                    "provider": "provider.aws"
                }
            },
            "depends_on": []
        }
    ]
}
